
Microsoft Visual Studio Solution File, Format Version 12.00
# Visual Studio Version 17
VisualStudioVersion = 17.0.31903.59
MinimumVisualStudioVersion = 10.0.40219.1
Project("{FAE04EC0-301F-11D3-BF4B-00C04F79EFBC}") = "RiverBooks.Web", "RiverBooks.Web\RiverBooks.Web.csproj", "{935F2308-CB47-46DA-BC8B-713F4C7A8EEE}"
EndProject
Project("{FAE04EC0-301F-11D3-BF4B-00C04F79EFBC}") = "RiverBooks.Books", "RiverBooks.Books\RiverBooks.Books.csproj", "{50D678A9-379F-4C58-891E-C4A45F682E42}"
EndProject
Project("{2150E333-8FDC-42A3-9474-1A3956D46DE8}") = "Solution Items", "Solution Items", "{059174A3-FD4C-43F2-9713-843148AA7B14}"
	ProjectSection(SolutionItems) = preProject
		docker-compose.yml = docker-compose.yml
	EndProjectSection
EndProject
Project("{FAE04EC0-301F-11D3-BF4B-00C04F79EFBC}") = "RiverBooks.Books.Tests", "..\Tests\RiverBooks.Books.Tests\RiverBooks.Books.Tests.csproj", "{25B77F9B-4372-4984-BDF6-CC8EE0F9A2B4}"
EndProject
Project("{2150E333-8FDC-42A3-9474-1A3956D46DE8}") = "Books Module", "Books Module", "{403434C5-DD3F-447D-855A-E7A600469FA0}"
EndProject
Project("{2150E333-8FDC-42A3-9474-1A3956D46DE8}") = "User Module", "User Module", "{475A954F-94D5-49F7-BB77-CD621BD31C41}"
EndProject
Project("{FAE04EC0-301F-11D3-BF4B-00C04F79EFBC}") = "RiverBooks.Users", "RiverBooks.Users\RiverBooks.Users.csproj", "{8B8F15A7-8AF8-47C9-A629-79026BF75728}"
EndProject
Project("{FAE04EC0-301F-11D3-BF4B-00C04F79EFBC}") = "RiverBooks.Books.Contracts", "RiverBooks.Books.Contracts\RiverBooks.Books.Contracts.csproj", "{C40F257F-1D97-469B-ABAF-014F43171228}"
EndProject
Project("{2150E333-8FDC-42A3-9474-1A3956D46DE8}") = "OrderProcessing Module", "OrderProcessing Module", "{1EAC9BF6-3910-4ECF-893B-77255C6F88B2}"
EndProject
Project("{FAE04EC0-301F-11D3-BF4B-00C04F79EFBC}") = "RiverBooks.OrderProcessing", "RiverBooks.OrderProcessing\RiverBooks.OrderProcessing.csproj", "{7CB20C98-9CD1-41BE-86F1-D0CDDAF350BE}"
EndProject
Project("{FAE04EC0-301F-11D3-BF4B-00C04F79EFBC}") = "RiverBooks.OrderProcessing.Contracts", "RiverBooks.OrderProcessing.Contracts\RiverBooks.OrderProcessing.Contracts.csproj", "{27596799-8DF7-47BF-8F38-6FE97BA90CE5}"
EndProject
Project("{FAE04EC0-301F-11D3-BF4B-00C04F79EFBC}") = "RiverBooks.Users.Contracts", "RiverBooks.Users.Contracts\RiverBooks.Users.Contracts.csproj", "{C95FF81B-AC5D-4A9C-A62F-666C1F53B48A}"
EndProject
Project("{FAE04EC0-301F-11D3-BF4B-00C04F79EFBC}") = "RiverBooks.SharedKernel", "RiverBooks.SharedKernel\RiverBooks.SharedKernel.csproj", "{96790F28-07E5-40E7-AFD4-1FC2C5B3BB2C}"
EndProject
Project("{FAE04EC0-301F-11D3-BF4B-00C04F79EFBC}") = "RiverBooks.OrderProcessing.Tests", "RiverBooks.OrderProcessing.Tests\RiverBooks.OrderProcessing.Tests.csproj", "{92FC49C3-C102-4CE7-8641-539C687D349E}"
EndProject
Global
	GlobalSection(SolutionConfigurationPlatforms) = preSolution
		Debug|Any CPU = Debug|Any CPU
		Release|Any CPU = Release|Any CPU
	EndGlobalSection
	GlobalSection(SolutionProperties) = preSolution
		HideSolutionNode = FALSE
	EndGlobalSection
	GlobalSection(ProjectConfigurationPlatforms) = postSolution
		{935F2308-CB47-46DA-BC8B-713F4C7A8EEE}.Debug|Any CPU.ActiveCfg = Debug|Any CPU
		{935F2308-CB47-46DA-BC8B-713F4C7A8EEE}.Debug|Any CPU.Build.0 = Debug|Any CPU
		{935F2308-CB47-46DA-BC8B-713F4C7A8EEE}.Release|Any CPU.ActiveCfg = Release|Any CPU
		{935F2308-CB47-46DA-BC8B-713F4C7A8EEE}.Release|Any CPU.Build.0 = Release|Any CPU
		{50D678A9-379F-4C58-891E-C4A45F682E42}.Debug|Any CPU.ActiveCfg = Debug|Any CPU
		{50D678A9-379F-4C58-891E-C4A45F682E42}.Debug|Any CPU.Build.0 = Debug|Any CPU
		{50D678A9-379F-4C58-891E-C4A45F682E42}.Release|Any CPU.ActiveCfg = Release|Any CPU
		{50D678A9-379F-4C58-891E-C4A45F682E42}.Release|Any CPU.Build.0 = Release|Any CPU
		{25B77F9B-4372-4984-BDF6-CC8EE0F9A2B4}.Debug|Any CPU.ActiveCfg = Debug|Any CPU
		{25B77F9B-4372-4984-BDF6-CC8EE0F9A2B4}.Debug|Any CPU.Build.0 = Debug|Any CPU
		{25B77F9B-4372-4984-BDF6-CC8EE0F9A2B4}.Release|Any CPU.ActiveCfg = Release|Any CPU
		{25B77F9B-4372-4984-BDF6-CC8EE0F9A2B4}.Release|Any CPU.Build.0 = Release|Any CPU
		{8B8F15A7-8AF8-47C9-A629-79026BF75728}.Debug|Any CPU.ActiveCfg = Debug|Any CPU
		{8B8F15A7-8AF8-47C9-A629-79026BF75728}.Debug|Any CPU.Build.0 = Debug|Any CPU
		{8B8F15A7-8AF8-47C9-A629-79026BF75728}.Release|Any CPU.ActiveCfg = Release|Any CPU
		{8B8F15A7-8AF8-47C9-A629-79026BF75728}.Release|Any CPU.Build.0 = Release|Any CPU
		{C40F257F-1D97-469B-ABAF-014F43171228}.Debug|Any CPU.ActiveCfg = Debug|Any CPU
		{C40F257F-1D97-469B-ABAF-014F43171228}.Debug|Any CPU.Build.0 = Debug|Any CPU
		{C40F257F-1D97-469B-ABAF-014F43171228}.Release|Any CPU.ActiveCfg = Release|Any CPU
		{C40F257F-1D97-469B-ABAF-014F43171228}.Release|Any CPU.Build.0 = Release|Any CPU
		{7CB20C98-9CD1-41BE-86F1-D0CDDAF350BE}.Debug|Any CPU.ActiveCfg = Debug|Any CPU
		{7CB20C98-9CD1-41BE-86F1-D0CDDAF350BE}.Debug|Any CPU.Build.0 = Debug|Any CPU
		{7CB20C98-9CD1-41BE-86F1-D0CDDAF350BE}.Release|Any CPU.ActiveCfg = Release|Any CPU
		{7CB20C98-9CD1-41BE-86F1-D0CDDAF350BE}.Release|Any CPU.Build.0 = Release|Any CPU
		{27596799-8DF7-47BF-8F38-6FE97BA90CE5}.Debug|Any CPU.ActiveCfg = Debug|Any CPU
		{27596799-8DF7-47BF-8F38-6FE97BA90CE5}.Debug|Any CPU.Build.0 = Debug|Any CPU
		{27596799-8DF7-47BF-8F38-6FE97BA90CE5}.Release|Any CPU.ActiveCfg = Release|Any CPU
		{27596799-8DF7-47BF-8F38-6FE97BA90CE5}.Release|Any CPU.Build.0 = Release|Any CPU
		{C95FF81B-AC5D-4A9C-A62F-666C1F53B48A}.Debug|Any CPU.ActiveCfg = Debug|Any CPU
		{C95FF81B-AC5D-4A9C-A62F-666C1F53B48A}.Debug|Any CPU.Build.0 = Debug|Any CPU
		{C95FF81B-AC5D-4A9C-A62F-666C1F53B48A}.Release|Any CPU.ActiveCfg = Release|Any CPU
		{C95FF81B-AC5D-4A9C-A62F-666C1F53B48A}.Release|Any CPU.Build.0 = Release|Any CPU
		{96790F28-07E5-40E7-AFD4-1FC2C5B3BB2C}.Debug|Any CPU.ActiveCfg = Debug|Any CPU
		{96790F28-07E5-40E7-AFD4-1FC2C5B3BB2C}.Debug|Any CPU.Build.0 = Debug|Any CPU
		{96790F28-07E5-40E7-AFD4-1FC2C5B3BB2C}.Release|Any CPU.ActiveCfg = Release|Any CPU
		{96790F28-07E5-40E7-AFD4-1FC2C5B3BB2C}.Release|Any CPU.Build.0 = Release|Any CPU
		{92FC49C3-C102-4CE7-8641-539C687D349E}.Debug|Any CPU.ActiveCfg = Debug|Any CPU
		{92FC49C3-C102-4CE7-8641-539C687D349E}.Debug|Any CPU.Build.0 = Debug|Any CPU
		{92FC49C3-C102-4CE7-8641-539C687D349E}.Release|Any CPU.ActiveCfg = Release|Any CPU
		{92FC49C3-C102-4CE7-8641-539C687D349E}.Release|Any CPU.Build.0 = Release|Any CPU
	EndGlobalSection
	GlobalSection(NestedProjects) = preSolution
		{50D678A9-379F-4C58-891E-C4A45F682E42} = {403434C5-DD3F-447D-855A-E7A600469FA0}
		{25B77F9B-4372-4984-BDF6-CC8EE0F9A2B4} = {403434C5-DD3F-447D-855A-E7A600469FA0}
		{8B8F15A7-8AF8-47C9-A629-79026BF75728} = {475A954F-94D5-49F7-BB77-CD621BD31C41}
		{C40F257F-1D97-469B-ABAF-014F43171228} = {403434C5-DD3F-447D-855A-E7A600469FA0}
		{7CB20C98-9CD1-41BE-86F1-D0CDDAF350BE} = {1EAC9BF6-3910-4ECF-893B-77255C6F88B2}
		{27596799-8DF7-47BF-8F38-6FE97BA90CE5} = {1EAC9BF6-3910-4ECF-893B-77255C6F88B2}
		{C95FF81B-AC5D-4A9C-A62F-666C1F53B48A} = {475A954F-94D5-49F7-BB77-CD621BD31C41}
		{92FC49C3-C102-4CE7-8641-539C687D349E} = {1EAC9BF6-3910-4ECF-893B-77255C6F88B2}
	EndGlobalSection
EndGlobal
